{
  "name": "joto-api",
  "version": "1.0.0",
  "lockfileVersion": 1,
  "requires": true,
  "dependencies": {
    "@aws-amplify/analytics": {
      "version": "2.2.8",
      "resolved": "https://registry.npmjs.org/@aws-amplify/analytics/-/analytics-2.2.8.tgz",
      "integrity": "sha512-c3AZsvf4RVvEh8UjVE0VgJIpkE3aJ1uv5fzwXYXDnnf7Gmz1GzHy01kUEmyedgYCwx8qI0GiZNI2N9X8BAc86g==",
      "requires": {
        "@aws-amplify/cache": "^2.1.8",
        "@aws-amplify/core": "^2.3.0",
        "uuid": "^3.2.1"
      }
    },
    "@aws-amplify/api": {
      "version": "2.2.1",
      "resolved": "https://registry.npmjs.org/@aws-amplify/api/-/api-2.2.1.tgz",
      "integrity": "sha512-1c7Gb1TO9NYETQmpDZV6TP+fcsZMBu/dDpWRM26Hb2huWqoIPKjE/nBfQl1egymy5CfZFivWYlCI+Y92jpQ2oA==",
      "requires": {
        "@aws-amplify/auth": "^2.1.8",
        "@aws-amplify/cache": "^2.1.8",
        "@aws-amplify/core": "^2.3.0",
        "axios": "^0.19.0",
        "graphql": "14.0.0",
        "uuid": "^3.2.1",
        "zen-observable": "^0.8.6"
      }
    },
    "@aws-amplify/auth": {
      "version": "2.1.8",
      "resolved": "https://registry.npmjs.org/@aws-amplify/auth/-/auth-2.1.8.tgz",
      "integrity": "sha512-kAl+yAUsYNsGGRCKc/QBhbBFF5Y4OzODcRYqdcxaK3LX0FmxKqoHYVuSVd1W9ZPERFPc0CnUAfzyKEoQl4HnWA==",
      "requires": {
        "@aws-amplify/cache": "^2.1.8",
        "@aws-amplify/core": "^2.3.0",
        "amazon-cognito-identity-js": "^3.2.7",
        "crypto-js": "^3.3.0"
      }
    },
    "@aws-amplify/cache": {
      "version": "2.1.8",
      "resolved": "https://registry.npmjs.org/@aws-amplify/cache/-/cache-2.1.8.tgz",
      "integrity": "sha512-M3oucQPy4oXinR5PS/MhXVLslNIkFZqeJkMmKNzJG2oocjsjYZSWjAEDOO1vBm2WbdrQOLIbb2lACV+N8XVNmg==",
      "requires": {
        "@aws-amplify/core": "^2.3.0"
      }
    },
    "@aws-amplify/core": {
      "version": "2.3.0",
      "resolved": "https://registry.npmjs.org/@aws-amplify/core/-/core-2.3.0.tgz",
      "integrity": "sha512-rokgHMEhQ4coavJbBqEXkM51429CWmpjKfpvkU87MYZXLgUimz1chGA5lRLxbO47/22IqxjfADkfE8uAtXzRSA==",
      "requires": {
        "aws-sdk": "2.518.0",
        "url": "^0.11.0",
        "zen-observable": "^0.8.6"
      }
    },
    "@aws-amplify/datastore": {
      "version": "1.2.0",
      "resolved": "https://registry.npmjs.org/@aws-amplify/datastore/-/datastore-1.2.0.tgz",
      "integrity": "sha512-DXDD9INavxzBnS5FKf2H7C1mIZFXRzz6CfULfKkATo8GuBTWjK5fhYoBxcfC6rnXYCWEpWJNbC1NfPUn6AeHjQ==",
      "requires": {
        "@aws-amplify/api": "^2.2.1",
        "@aws-amplify/core": "^2.3.0",
        "@aws-amplify/pubsub": "^2.1.9",
        "idb": "4.0.4",
        "immer": "6.0.1",
        "uuid": "3.3.2",
        "zen-observable-ts": "0.8.19",
        "zen-push": "0.2.1"
      },
      "dependencies": {
        "uuid": {
          "version": "3.3.2",
          "resolved": "https://registry.npmjs.org/uuid/-/uuid-3.3.2.tgz",
          "integrity": "sha512-yXJmeNaw3DnnKAOKJE51sL/ZaYfWJRl1pK9dr19YFCu0ObS231AB1/LbqTKRAQ5kw8A90rA6fr4riOUpTZvQZA=="
        }
      }
    },
    "@aws-amplify/interactions": {
      "version": "2.1.8",
      "resolved": "https://registry.npmjs.org/@aws-amplify/interactions/-/interactions-2.1.8.tgz",
      "integrity": "sha512-uTI84Xz9C/5HM6nMKr2gG8XggD3ygYhvZsjtrQv5tCfp4OvaSptiLQkLNFjlAjBmYAz7dqrxG2ispBHiQWEsYQ==",
      "requires": {
        "@aws-amplify/core": "^2.3.0"
      }
    },
    "@aws-amplify/predictions": {
      "version": "2.1.8",
      "resolved": "https://registry.npmjs.org/@aws-amplify/predictions/-/predictions-2.1.8.tgz",
      "integrity": "sha512-oCY82B2EGK9ZZ3rgf7GtQk1iaTZBfQAi5jD2ysjGaJdGASNvpygbW1vP8EddRfNvHosfiHYM4VtMKQX3rUkLvw==",
      "requires": {
        "@aws-amplify/core": "^2.3.0",
        "@aws-amplify/storage": "^2.2.3",
        "@aws-sdk/eventstream-marshaller": "0.1.0-preview.2",
        "@aws-sdk/util-utf8-node": "0.1.0-preview.1",
        "uuid": "^3.2.1"
      }
    },
    "@aws-amplify/pubsub": {
      "version": "2.1.9",
      "resolved": "https://registry.npmjs.org/@aws-amplify/pubsub/-/pubsub-2.1.9.tgz",
      "integrity": "sha512-zQ5d9arPhe2kqLTVJqGzjKJvWFQQtzMOOK/2qE3Z8sSU0+88KvtFQHodgxsROv6W8ZO7En+suHcR1S3nv4Qa3g==",
      "requires": {
        "@aws-amplify/auth": "^2.1.8",
        "@aws-amplify/cache": "^2.1.8",
        "@aws-amplify/core": "^2.3.0",
        "graphql": "14.0.0",
        "paho-mqtt": "^1.1.0",
        "uuid": "^3.2.1",
        "zen-observable": "^0.8.6"
      }
    },
    "@aws-amplify/storage": {
      "version": "2.2.3",
      "resolved": "https://registry.npmjs.org/@aws-amplify/storage/-/storage-2.2.3.tgz",
      "integrity": "sha512-ic3K1rRUMxxJJxmncxT2I8uRv6nM8isS5T8cBYZF5KEY2AxFvlOLkpURs0Pt3S8KrIMBRHwSMdPbM0CDedTtIA==",
      "requires": {
        "@aws-amplify/core": "^2.3.0"
      }
    },
    "@aws-amplify/ui": {
      "version": "1.2.3",
      "resolved": "https://registry.npmjs.org/@aws-amplify/ui/-/ui-1.2.3.tgz",
      "integrity": "sha512-ZsNMkthkLfax/OngdlWFdJEjqXuRqXa5iwb4uKoGu58PTp6AnaM6nFkwPTGCLU4ilPicSXqZPIHCJ9K6MBlzHQ=="
    },
    "@aws-amplify/xr": {
      "version": "1.1.8",
      "resolved": "https://registry.npmjs.org/@aws-amplify/xr/-/xr-1.1.8.tgz",
      "integrity": "sha512-QWsYHNiNOanSldwYYcCwD6D0e6G2cg3nVh4BSHxFXa5NAfgmU/s3p02aZxy4d46FzlkaAhJV6zUoGeWRFPbPFw==",
      "requires": {
        "@aws-amplify/core": "^2.3.0"
      }
    },
    "@aws-crypto/crc32": {
      "version": "0.1.0-preview.4",
      "resolved": "https://registry.npmjs.org/@aws-crypto/crc32/-/crc32-0.1.0-preview.4.tgz",
      "integrity": "sha512-Faxpmo6pUPvfwE8ELdJo9K9bdIjsra+AM2Cq2Fvydd4xJRHpKLWzQ3kdz324auMkHKbn4veTDo3sZRuSbh/Pug==",
      "requires": {
        "tslib": "^1.9.3"
      }
    },
    "@aws-sdk/eventstream-marshaller": {
      "version": "0.1.0-preview.2",
      "resolved": "https://registry.npmjs.org/@aws-sdk/eventstream-marshaller/-/eventstream-marshaller-0.1.0-preview.2.tgz",
      "integrity": "sha512-StNivqLMGk+6Blp7eBYgLvidD9HEhthzNz7dBBAQPELx3Nd3imodzSvckDw5ZkuWt6ViP+aAl8HgQvJmD71M5Q==",
      "requires": {
        "@aws-crypto/crc32": "^0.1.0-preview.1",
        "@aws-sdk/types": "^0.1.0-preview.1",
        "@aws-sdk/util-hex-encoding": "^0.1.0-preview.1",
        "tslib": "^1.8.0"
      }
    },
    "@aws-sdk/is-array-buffer": {
      "version": "0.1.0-preview.1",
      "resolved": "https://registry.npmjs.org/@aws-sdk/is-array-buffer/-/is-array-buffer-0.1.0-preview.1.tgz",
      "integrity": "sha512-9Qrr9w6sNX19N0eO7JBYjp86OPcOyjDPe580L5ISDKo7XfuzK20IC2TeGTZ77okhRTsm8rF5UgP9scBu59jwoA==",
      "requires": {
        "tslib": "^1.8.0"
      }
    },
    "@aws-sdk/types": {
      "version": "0.1.0-preview.1",
      "resolved": "https://registry.npmjs.org/@aws-sdk/types/-/types-0.1.0-preview.1.tgz",
      "integrity": "sha512-CcZpxyN2G0I7+Jyj0om3LafYX7d30JWJAAQ+53Ysjau7jyL/xLMMkLZgniQPV8BMV7uKLXyf4hwu8JSs0Ejb+w=="
    },
    "@aws-sdk/util-buffer-from": {
      "version": "0.1.0-preview.1",
      "resolved": "https://registry.npmjs.org/@aws-sdk/util-buffer-from/-/util-buffer-from-0.1.0-preview.1.tgz",
      "integrity": "sha512-i46iuFQA05+92L/epK7befgoxw6DM38LnaHjHNxRoJeIYUllZvpJst74FRCJ5UvVOaMDvHO3woWG+dY8/KVABw==",
      "requires": {
        "@aws-sdk/is-array-buffer": "^0.1.0-preview.1",
        "tslib": "^1.8.0"
      }
    },
    "@aws-sdk/util-hex-encoding": {
      "version": "0.1.0-preview.1",
      "resolved": "https://registry.npmjs.org/@aws-sdk/util-hex-encoding/-/util-hex-encoding-0.1.0-preview.1.tgz",
      "integrity": "sha512-97ZMVcJpIXwOQN2RntPimav6G5iod/QHEbqGrmaECXyjXzSrexKHRYjpQAtmJ7geZTMsofoRSdj3qZCymjn7Uw==",
      "requires": {
        "tslib": "^1.8.0"
      }
    },
    "@aws-sdk/util-utf8-node": {
      "version": "0.1.0-preview.1",
      "resolved": "https://registry.npmjs.org/@aws-sdk/util-utf8-node/-/util-utf8-node-0.1.0-preview.1.tgz",
      "integrity": "sha512-PSUsSJ0nnMPS389f0R3kIVR0BElnEb22Ofj40iO5HCtw9gZ1ot+enFdbOmW4m1e5+ED9U/Hqxqc7QhFWWF4NUQ==",
      "requires": {
        "@aws-sdk/util-buffer-from": "^0.1.0-preview.1",
        "tslib": "^1.8.0"
      }
    },
    "amazon-cognito-identity-js": {
      "version": "3.3.3",
      "resolved": "https://registry.npmjs.org/amazon-cognito-identity-js/-/amazon-cognito-identity-js-3.3.3.tgz",
      "integrity": "sha512-uB1Bk2ezxVUz0vELZ4tI40ZJEYEZZcWdz8TVyNOPjQCKS+SszNUORTkOkL0KgawZMak7KhDfLTEXbInBeTsiow==",
      "requires": {
        "buffer": "4.9.1",
        "crypto-js": "^3.1.9-1",
        "js-cookie": "^2.1.4"
      }
    },
    "aws-amplify": {
      "version": "2.3.0",
      "resolved": "https://registry.npmjs.org/aws-amplify/-/aws-amplify-2.3.0.tgz",
      "integrity": "sha512-dkbGhPaCUrt7/VqWtjNpcwNn5Q0QucaZLRvs/bMhM/lBaFMGZWAxAzJ6aA8y1KwE5ZcWFqIXheTse8EPST7C9Q==",
      "requires": {
        "@aws-amplify/analytics": "^2.2.8",
        "@aws-amplify/api": "^2.2.1",
        "@aws-amplify/auth": "^2.1.8",
        "@aws-amplify/cache": "^2.1.8",
        "@aws-amplify/core": "^2.3.0",
        "@aws-amplify/datastore": "^1.2.0",
        "@aws-amplify/interactions": "^2.1.8",
        "@aws-amplify/predictions": "^2.1.8",
        "@aws-amplify/pubsub": "^2.1.9",
        "@aws-amplify/storage": "^2.2.3",
        "@aws-amplify/ui": "^1.1.6",
        "@aws-amplify/xr": "^1.1.8"
      }
    },
    "aws-sdk": {
      "version": "2.518.0",
      "resolved": "https://registry.npmjs.org/aws-sdk/-/aws-sdk-2.518.0.tgz",
      "integrity": "sha512-hwtKKf93TFyd3qugDW54ElpkUXhPe+ArPIHadre6IAFjCJiv08L8DaZKLRyclDnKfTavKe+f/PhdSEYo1QUHiA==",
      "requires": {
        "buffer": "4.9.1",
        "events": "1.1.1",
        "ieee754": "1.1.8",
        "jmespath": "0.15.0",
        "querystring": "0.2.0",
        "sax": "1.2.1",
        "url": "0.10.3",
        "uuid": "3.3.2",
        "xml2js": "0.4.19"
      },
      "dependencies": {
        "url": {
          "version": "0.10.3",
          "resolved": "https://registry.npmjs.org/url/-/url-0.10.3.tgz",
          "integrity": "sha1-Ah5NnHcF8hu/N9A861h2dAJ3TGQ=",
          "requires": {
            "punycode": "1.3.2",
            "querystring": "0.2.0"
          }
        },
        "uuid": {
          "version": "3.3.2",
          "resolved": "https://registry.npmjs.org/uuid/-/uuid-3.3.2.tgz",
          "integrity": "sha512-yXJmeNaw3DnnKAOKJE51sL/ZaYfWJRl1pK9dr19YFCu0ObS231AB1/LbqTKRAQ5kw8A90rA6fr4riOUpTZvQZA=="
        }
      }
    },
    "axios": {
      "version": "0.19.2",
      "resolved": "https://registry.npmjs.org/axios/-/axios-0.19.2.tgz",
      "integrity": "sha512-fjgm5MvRHLhx+osE2xoekY70AhARk3a6hkN+3Io1jc00jtquGvxYlKlsFUhmUET0V5te6CcZI7lcv2Ym61mjHA==",
      "requires": {
        "follow-redirects": "1.5.10"
      }
    },
    "base64-js": {
      "version": "1.3.1",
      "resolved": "https://registry.npmjs.org/base64-js/-/base64-js-1.3.1.tgz",
      "integrity": "sha512-mLQ4i2QO1ytvGWFWmcngKO//JXAQueZvwEKtjgQFM4jIK0kU+ytMfplL8j+n5mspOfjHwoAg+9yhb7BwAHm36g=="
    },
    "buffer": {
      "version": "4.9.1",
      "resolved": "https://registry.npmjs.org/buffer/-/buffer-4.9.1.tgz",
      "integrity": "sha1-bRu2AbB6TvztlwlBMgkwJ8lbwpg=",
      "requires": {
        "base64-js": "^1.0.2",
        "ieee754": "^1.1.4",
        "isarray": "^1.0.0"
      }
    },
    "crypto-js": {
      "version": "3.3.0",
      "resolved": "https://registry.npmjs.org/crypto-js/-/crypto-js-3.3.0.tgz",
      "integrity": "sha512-DIT51nX0dCfKltpRiXV+/TVZq+Qq2NgF4644+K7Ttnla7zEzqc+kjJyiB96BHNyUTBxyjzRcZYpUdZa+QAqi6Q=="
    },
    "debug": {
      "version": "3.1.0",
      "resolved": "https://registry.npmjs.org/debug/-/debug-3.1.0.tgz",
      "integrity": "sha512-OX8XqP7/1a9cqkxYw2yXss15f26NKWBpDXQd0/uK/KPqdQhxbPa994hnzjcE2VqQpDslf55723cKPUOGSmMY3g==",
      "requires": {
        "ms": "2.0.0"
      }
    },
    "events": {
      "version": "1.1.1",
      "resolved": "https://registry.npmjs.org/events/-/events-1.1.1.tgz",
      "integrity": "sha1-nr23Y1rQmccNzEwqH1AEKI6L2SQ="
    },
    "follow-redirects": {
      "version": "1.5.10",
      "resolved": "https://registry.npmjs.org/follow-redirects/-/follow-redirects-1.5.10.tgz",
      "integrity": "sha512-0V5l4Cizzvqt5D44aTXbFZz+FtyXV1vrDN6qrelxtfYQKW0KO0W2T/hkE8xvGa/540LkZlkaUjO4ailYTFtHVQ==",
      "requires": {
        "debug": "=3.1.0"
      }
    },
    "graphql": {
      "version": "14.0.0",
      "resolved": "https://registry.npmjs.org/graphql/-/graphql-14.0.0.tgz",
      "integrity": "sha512-HGVcnO6B25YZcSt6ZsH6/N+XkYuPA7yMqJmlJ4JWxWlS4Tr8SHI56R1Ocs8Eor7V7joEZPRXPDH8RRdll1w44Q==",
      "requires": {
        "iterall": "^1.2.2"
      }
    },
    "idb": {
      "version": "4.0.4",
      "resolved": "https://registry.npmjs.org/idb/-/idb-4.0.4.tgz",
      "integrity": "sha512-ZYsaBSNub2yAnjvmRKudQlMIPqZQIefAOwNIPeXC+RLIeXYFc0UNQqONKNuQeBNf8oBOV5L75yJ9zFISjHVj4g=="
    },
    "ieee754": {
      "version": "1.1.8",
      "resolved": "https://registry.npmjs.org/ieee754/-/ieee754-1.1.8.tgz",
      "integrity": "sha1-vjPUCsEO8ZJnAfbwii2G+/0a0+Q="
    },
    "immer": {
      "version": "6.0.1",
      "resolved": "https://registry.npmjs.org/immer/-/immer-6.0.1.tgz",
      "integrity": "sha512-oXwigCKgznQywsXi1VgrqgWbQEU3wievNCVc4Fcwky6mwXU6YHj6JuYp0WEM/B1EphkqsLr0x18lm5OiuemPcA=="
    },
    "isarray": {
      "version": "1.0.0",
      "resolved": "https://registry.npmjs.org/isarray/-/isarray-1.0.0.tgz",
      "integrity": "sha1-u5NdSFgsuhaMBoNJV6VKPgcSTxE="
    },
    "iterall": {
      "version": "1.3.0",
      "resolved": "https://registry.npmjs.org/iterall/-/iterall-1.3.0.tgz",
      "integrity": "sha512-QZ9qOMdF+QLHxy1QIpUHUU1D5pS2CG2P69LF6L6CPjPYA/XMOmKV3PZpawHoAjHNyB0swdVTRxdYT4tbBbxqwg=="
    },
    "jmespath": {
      "version": "0.15.0",
      "resolved": "https://registry.npmjs.org/jmespath/-/jmespath-0.15.0.tgz",
      "integrity": "sha1-o/Iiqarp+Wb10nx5ZRDigJF2Qhc="
    },
    "js-cookie": {
      "version": "2.2.1",
      "resolved": "https://registry.npmjs.org/js-cookie/-/js-cookie-2.2.1.tgz",
      "integrity": "sha512-HvdH2LzI/EAZcUwA8+0nKNtWHqS+ZmijLA30RwZA0bo7ToCckjK5MkGhjED9KoRcXO6BaGI3I9UIzSA1FKFPOQ=="
    },
    "lodash": {
      "version": "4.17.20",
      "resolved": "https://registry.npmjs.org/lodash/-/lodash-4.17.20.tgz",
      "integrity": "sha512-PlhdFcillOINfeV7Ni6oF1TAEayyZBoZ8bcshTHqOYJYlrqzRK5hagpagky5o4HfCzzd1TRkXPMFq6cKk9rGmA=="
    },
    "ms": {
      "version": "2.0.0",
      "resolved": "https://registry.npmjs.org/ms/-/ms-2.0.0.tgz",
      "integrity": "sha1-VgiurfwAvmwpAd9fmGF4jeDVl8g="
    },
    "node-fetch": {
      "version": "2.6.1",
      "resolved": "https://registry.npmjs.org/node-fetch/-/node-fetch-2.6.1.tgz",
      "integrity": "sha512-V4aYg89jEoVRxRb2fJdAg8FHvI7cEyYdVAh94HH0UIK8oJxUfkjlDQN9RbMx+bEjP7+ggMiFRprSti032Oipxw=="
    },
    "paho-mqtt": {
      "version": "1.1.0",
      "resolved": "https://registry.npmjs.org/paho-mqtt/-/paho-mqtt-1.1.0.tgz",
      "integrity": "sha512-KPbL9KAB0ASvhSDbOrZBaccXS+/s7/LIofbPyERww8hM5Ko71GUJQ6Nmg0BWqj8phAIT8zdf/Sd/RftHU9i2HA=="
    },
    "punycode": {
      "version": "1.3.2",
      "resolved": "https://registry.npmjs.org/punycode/-/punycode-1.3.2.tgz",
      "integrity": "sha1-llOgNvt8HuQjQvIyXM7v6jkmxI0="
    },
    "querystring": {
      "version": "0.2.0",
      "resolved": "https://registry.npmjs.org/querystring/-/querystring-0.2.0.tgz",
      "integrity": "sha1-sgmEkgO7Jd+CDadW50cAWHhSFiA="
    },
    "sax": {
      "version": "1.2.1",
      "resolved": "https://registry.npmjs.org/sax/-/sax-1.2.1.tgz",
      "integrity": "sha1-e45lYZCyKOgaZq6nSEgNgozS03o="
    },
    "tslib": {
      "version": "1.13.0",
      "resolved": "https://registry.npmjs.org/tslib/-/tslib-1.13.0.tgz",
      "integrity": "sha512-i/6DQjL8Xf3be4K/E6Wgpekn5Qasl1usyw++dAA35Ue5orEn65VIxOA+YvNNl9HV3qv70T7CNwjODHZrLwvd1Q=="
    },
    "url": {
      "version": "0.11.0",
      "resolved": "https://registry.npmjs.org/url/-/url-0.11.0.tgz",
      "integrity": "sha1-ODjpfPxgUh63PFJajlW/3Z4uKPE=",
      "requires": {
        "punycode": "1.3.2",
        "querystring": "0.2.0"
      }
    },
    "uuid": {
      "version": "3.4.0",
      "resolved": "https://registry.npmjs.org/uuid/-/uuid-3.4.0.tgz",
      "integrity": "sha512-HjSDRw6gZE5JMggctHBcjVak08+KEVhSIiDzFnT9S9aegmp85S/bReBVTb4QTFaRNptJ9kuYaNhnbNEOkbKb/A=="
    },
    "xml2js": {
      "version": "0.4.19",
      "resolved": "https://registry.npmjs.org/xml2js/-/xml2js-0.4.19.tgz",
      "integrity": "sha512-esZnJZJOiJR9wWKMyuvSE1y6Dq5LCuJanqhxslH2bxM6duahNZ+HMpCLhBQGZkbX6xRf8x1Y2eJlgt2q3qo49Q==",
      "requires": {
        "sax": ">=0.6.0",
        "xmlbuilder": "~9.0.1"
      }
    },
    "xmlbuilder": {
      "version": "9.0.7",
      "resolved": "https://registry.npmjs.org/xmlbuilder/-/xmlbuilder-9.0.7.tgz",
      "integrity": "sha1-Ey7mPS7FVlxVfiD0wi35rKaGsQ0="
    },
    "zen-observable": {
      "version": "0.8.15",
      "resolved": "https://registry.npmjs.org/zen-observable/-/zen-observable-0.8.15.tgz",
      "integrity": "sha512-PQ2PC7R9rslx84ndNBZB/Dkv8V8fZEpk83RLgXtYd0fwUgEjseMn1Dgajh2x6S8QbZAFa9p2qVCEuYZNgve0dQ=="
    },
    "zen-observable-ts": {
      "version": "0.8.19",
      "resolved": "https://registry.npmjs.org/zen-observable-ts/-/zen-observable-ts-0.8.19.tgz",
      "integrity": "sha512-u1a2rpE13G+jSzrg3aiCqXU5tN2kw41b+cBZGmnc+30YimdkKiDj9bTowcB41eL77/17RF/h+393AuVgShyheQ==",
      "requires": {
        "tslib": "^1.9.3",
        "zen-observable": "^0.8.0"
      }
    },
    "zen-push": {
      "version": "0.2.1",
      "resolved": "https://registry.npmjs.org/zen-push/-/zen-push-0.2.1.tgz",
      "integrity": "sha512-Qv4qvc8ZIue51B/0zmeIMxpIGDVhz4GhJALBvnKs/FRa2T7jy4Ori9wFwaHVt0zWV7MIFglKAHbgnVxVTw7U1w==",
      "requires": {
        "zen-observable": "^0.7.0"
      },
      "dependencies": {
        "zen-observable": {
          "version": "0.7.1",
          "resolved": "https://registry.npmjs.org/zen-observable/-/zen-observable-0.7.1.tgz",
          "integrity": "sha512-OI6VMSe0yeqaouIXtedC+F55Sr6r9ppS7+wTbSexkYdHbdt4ctTuPNXP/rwm7GTVI63YBc+EBT0b0tl7YnJLRg=="
        }
      }
    }
  }
}
